{
  "name": "PriceDefender-DApp",
  "lockfileVersion": 3,
  "requires": true,
  "packages": {
    "": {
      "devDependencies": {
        "@uniswap/v4-core": "github:Uniswap/v4-core",
        "@uniswap/v4-periphery": "github:Uniswap/v4-periphery"
      }
    },
    "node_modules/@uniswap/v4-core": {
      "version": "1.0.0",
      "resolved": "git+ssh://git@github.com/Uniswap/v4-core.git#d4185626c68e29de37023e453623d44cb9c12b51",
      "dev": true,
      "license": "BUSL-1.1"
    },
    "node_modules/@uniswap/v4-periphery": {
      "version": "1.0.0",
      "resolved": "git+ssh://git@github.com/Uniswap/v4-periphery.git#fc37d17f0ce3e73ad64f461883b5b962255d0ba5",
      "dev": true,
      "license": "MIT"
    }
  }
}
